{
    "_readme": [
        "This file locks the dependencies of your project to a known state",
        "Read more about it at http://getcomposer.org/doc/01-basic-usage.md#composer-lock-the-lock-file"
    ],
    "hash": "e32f82f990e8356cb55c6329155c25a5",
    "packages": [
        {
            "name": "illuminate/cache",
            "version": "4.0.x-dev",
            "target-dir": "Illuminate/Cache",
            "source": {
                "type": "git",
                "url": "https://github.com/illuminate/cache.git",
                "reference": "c7568be5b3fb0ebaa2311776bd1ee52b759a704c"
            },
            "dist": {
                "type": "zip",
                "url": "https://api.github.com/repos/illuminate/cache/zipball/c7568be5b3fb0ebaa2311776bd1ee52b759a704c",
                "reference": "c7568be5b3fb0ebaa2311776bd1ee52b759a704c",
                "shasum": ""
            },
            "require": {
                "illuminate/support": "4.0.x",
                "php": ">=5.3.0"
            },
            "require-dev": {
                "illuminate/database": "4.0.x",
                "illuminate/encryption": "4.0.x",
                "illuminate/filesystem": "4.0.x",
                "illuminate/redis": "4.0.x",
                "phpunit/phpunit": "3.7.*"
            },
            "type": "library",
            "extra": {
                "branch-alias": {
                    "dev-master": "4.0-dev"
                }
            },
            "autoload": {
                "psr-0": {
                    "Illuminate\\Cache": ""
                }
            },
            "notification-url": "https://packagist.org/downloads/",
            "license": [
                "MIT"
            ],
            "authors": [
                {
                    "name": "Taylor Otwell",
                    "email": "taylorotwell@gmail.com",
                    "homepage": "https://github.com/taylorotwell",
                    "role": "Developer"
                }
            ],
            "time": "2013-10-20 18:27:13"
        },
        {
            "name": "illuminate/config",
            "version": "4.0.x-dev",
            "target-dir": "Illuminate/Config",
            "source": {
                "type": "git",
                "url": "https://github.com/illuminate/config.git",
                "reference": "aa1269fd861f8392bce67a7d631c946a60842859"
            },
            "dist": {
                "type": "zip",
                "url": "https://api.github.com/repos/illuminate/config/zipball/aa1269fd861f8392bce67a7d631c946a60842859",
                "reference": "aa1269fd861f8392bce67a7d631c946a60842859",
                "shasum": ""
            },
            "require": {
                "illuminate/filesystem": "4.0.x",
                "illuminate/support": "4.0.x",
                "php": ">=5.3.0"
            },
            "require-dev": {
                "phpunit/phpunit": "3.7.*"
            },
            "type": "library",
            "extra": {
                "branch-alias": {
                    "dev-master": "4.0-dev"
                }
            },
            "autoload": {
                "psr-0": {
                    "Illuminate\\Config": ""
                }
            },
            "notification-url": "https://packagist.org/downloads/",
            "license": [
                "MIT"
            ],
            "authors": [
                {
                    "name": "Taylor Otwell",
                    "email": "taylorotwell@gmail.com",
                    "homepage": "https://github.com/taylorotwell",
                    "role": "Developer"
                }
            ],
            "time": "2013-09-14 15:49:06"
        },
        {
            "name": "illuminate/cookie",
            "version": "4.0.x-dev",
            "target-dir": "Illuminate/Cookie",
            "source": {
                "type": "git",
                "url": "https://github.com/illuminate/cookie.git",
                "reference": "7736574705bf4e2a3fe40971c89a6ef13deb3465"
            },
            "dist": {
                "type": "zip",
                "url": "https://api.github.com/repos/illuminate/cookie/zipball/7736574705bf4e2a3fe40971c89a6ef13deb3465",
                "reference": "7736574705bf4e2a3fe40971c89a6ef13deb3465",
                "shasum": ""
            },
            "require": {
                "illuminate/encryption": "4.0.x",
                "illuminate/support": "4.0.x",
                "php": ">=5.3.0",
                "symfony/http-foundation": "2.3.*"
            },
            "require-dev": {
                "mockery/mockery": "0.7.2",
                "phpunit/phpunit": "3.7.*"
            },
            "type": "library",
            "extra": {
                "branch-alias": {
                    "dev-master": "4.0-dev"
                }
            },
            "autoload": {
                "psr-0": {
                    "Illuminate\\Cookie": ""
                }
            },
            "notification-url": "https://packagist.org/downloads/",
            "license": [
                "MIT"
            ],
            "authors": [
                {
                    "name": "Taylor Otwell",
                    "email": "taylorotwell@gmail.com",
                    "homepage": "https://github.com/taylorotwell",
                    "role": "Developer"
                }
            ],
            "time": "2013-10-18 03:49:39"
        },
        {
            "name": "illuminate/encryption",
            "version": "4.0.x-dev",
            "target-dir": "Illuminate/Encryption",
            "source": {
                "type": "git",
                "url": "https://github.com/illuminate/encryption.git",
                "reference": "ee3f196e0e331f654622fadfc8d9ccbc3a26e792"
            },
            "dist": {
                "type": "zip",
                "url": "https://api.github.com/repos/illuminate/encryption/zipball/ee3f196e0e331f654622fadfc8d9ccbc3a26e792",
                "reference": "ee3f196e0e331f654622fadfc8d9ccbc3a26e792",
                "shasum": ""
            },
            "require": {
                "illuminate/support": "4.0.x",
                "php": ">=5.3.0"
            },
            "require-dev": {
                "phpunit/phpunit": "3.7.*"
            },
            "type": "library",
            "extra": {
                "branch-alias": {
                    "dev-master": "4.0-dev"
                }
            },
            "autoload": {
                "psr-0": {
                    "Illuminate\\Encryption": ""
                }
            },
            "notification-url": "https://packagist.org/downloads/",
            "license": [
                "MIT"
            ],
            "authors": [
                {
                    "name": "Taylor Otwell",
                    "email": "taylorotwell@gmail.com",
                    "homepage": "https://github.com/taylorotwell",
                    "role": "Developer"
                }
            ],
            "time": "2013-09-19 20:04:12"
        },
        {
            "name": "illuminate/filesystem",
            "version": "4.0.x-dev",
            "target-dir": "Illuminate/Filesystem",
            "source": {
                "type": "git",
                "url": "https://github.com/illuminate/filesystem.git",
                "reference": "e2a3aaca5a0aa2f337a51ed32b0af029d5c7dff3"
            },
            "dist": {
                "type": "zip",
                "url": "https://api.github.com/repos/illuminate/filesystem/zipball/e2a3aaca5a0aa2f337a51ed32b0af029d5c7dff3",
                "reference": "e2a3aaca5a0aa2f337a51ed32b0af029d5c7dff3",
                "shasum": ""
            },
            "require": {
                "illuminate/support": "4.0.x",
                "php": ">=5.3.0",
                "symfony/finder": "2.3.x"
            },
            "require-dev": {
                "phpunit/phpunit": "3.7.*"
            },
            "type": "library",
            "extra": {
                "branch-alias": {
                    "dev-master": "4.0-dev"
                }
            },
            "autoload": {
                "psr-0": {
                    "Illuminate\\Filesystem": ""
                }
            },
            "notification-url": "https://packagist.org/downloads/",
            "license": [
                "MIT"
            ],
            "authors": [
                {
                    "name": "Taylor Otwell",
                    "email": "taylorotwell@gmail.com",
                    "homepage": "https://github.com/taylorotwell",
                    "role": "Developer"
                }
            ],
            "time": "2013-10-20 18:27:13"
        },
        {
            "name": "illuminate/html",
            "version": "4.0.x-dev",
            "target-dir": "Illuminate/Html",
            "source": {
                "type": "git",
                "url": "https://github.com/illuminate/html.git",
                "reference": "430bc6fcdd0726547b470d79833d14d4db91a3fe"
            },
            "dist": {
                "type": "zip",
                "url": "https://api.github.com/repos/illuminate/html/zipball/430bc6fcdd0726547b470d79833d14d4db91a3fe",
                "reference": "430bc6fcdd0726547b470d79833d14d4db91a3fe",
                "shasum": ""
            },
            "require": {
                "illuminate/http": "4.0.x",
                "illuminate/session": "4.0.x",
                "illuminate/support": "4.0.x",
                "php": ">=5.3.0"
            },
            "require-dev": {
                "mockery/mockery": "0.7.2",
                "phpunit/phpunit": "3.7.*"
            },
            "type": "library",
            "extra": {
                "branch-alias": {
                    "dev-master": "4.0-dev"
                }
            },
            "autoload": {
                "psr-0": {
                    "Illuminate\\Html": ""
                }
            },
            "notification-url": "https://packagist.org/downloads/",
            "license": [
                "MIT"
            ],
            "authors": [
                {
                    "name": "Taylor Otwell",
                    "email": "taylorotwell@gmail.com",
                    "homepage": "https://github.com/taylorotwell",
                    "role": "Developer"
                }
            ],
            "time": "2013-10-02 16:10:53"
        },
        {
            "name": "illuminate/http",
            "version": "4.0.x-dev",
            "target-dir": "Illuminate/Http",
            "source": {
                "type": "git",
                "url": "https://github.com/illuminate/http.git",
                "reference": "ac0a458a128510843828419f0ba9231b98dde6ea"
            },
            "dist": {
                "type": "zip",
                "url": "https://api.github.com/repos/illuminate/http/zipball/ac0a458a128510843828419f0ba9231b98dde6ea",
                "reference": "ac0a458a128510843828419f0ba9231b98dde6ea",
                "shasum": ""
            },
            "require": {
                "illuminate/session": "4.0.x",
                "illuminate/support": "4.0.x",
                "symfony/http-foundation": "2.3.*"
            },
            "require-dev": {
                "mockery/mockery": "0.7.2",
                "phpunit/phpunit": "3.7.*"
            },
            "type": "library",
            "extra": {
                "branch-alias": {
                    "dev-master": "4.0-dev"
                }
            },
            "autoload": {
                "psr-0": {
                    "Illuminate\\Http": ""
                }
            },
            "notification-url": "https://packagist.org/downloads/",
            "license": [
                "MIT"
            ],
            "authors": [
                {
                    "name": "Taylor Otwell",
                    "email": "taylorotwell@gmail.com",
                    "homepage": "https://github.com/taylorotwell",
                    "role": "Developer"
                }
            ],
            "time": "2013-10-07 03:08:23"
        },
        {
            "name": "illuminate/session",
            "version": "4.0.x-dev",
            "target-dir": "Illuminate/Session",
            "source": {
                "type": "git",
                "url": "https://github.com/illuminate/session.git",
                "reference": "557ef650490b12284c0b7e0e6c911dbbda17fb2b"
            },
            "dist": {
                "type": "zip",
                "url": "https://api.github.com/repos/illuminate/session/zipball/557ef650490b12284c0b7e0e6c911dbbda17fb2b",
                "reference": "557ef650490b12284c0b7e0e6c911dbbda17fb2b",
                "shasum": ""
            },
            "require": {
                "illuminate/cache": "4.0.x",
                "illuminate/cookie": "4.0.x",
                "illuminate/encryption": "4.0.x",
                "illuminate/support": "4.0.x",
                "php": ">=5.3.0",
                "symfony/http-foundation": "2.3.*"
            },
            "require-dev": {
                "illuminate/console": "4.0.x",
                "mockery/mockery": ">=0.7.2",
                "phpunit/phpunit": "3.7.*"
            },
            "type": "library",
            "extra": {
                "branch-alias": {
                    "dev-master": "4.0-dev"
                }
            },
            "autoload": {
                "psr-0": {
                    "Illuminate\\Session": ""
                }
            },
            "notification-url": "https://packagist.org/downloads/",
            "license": [
                "MIT"
            ],
            "authors": [
                {
                    "name": "Taylor Otwell",
                    "email": "taylorotwell@gmail.com",
                    "homepage": "https://github.com/taylorotwell",
                    "role": "Developer"
                }
            ],
            "time": "2013-10-12 18:57:01"
        },
        {
            "name": "illuminate/support",
            "version": "4.0.x-dev",
            "target-dir": "Illuminate/Support",
            "source": {
                "type": "git",
                "url": "https://github.com/illuminate/support.git",
                "reference": "bec895ef2331ff2f4afbbe48d1ea3d48c3bd8a9f"
            },
            "dist": {
                "type": "zip",
                "url": "https://api.github.com/repos/illuminate/support/zipball/bec895ef2331ff2f4afbbe48d1ea3d48c3bd8a9f",
                "reference": "bec895ef2331ff2f4afbbe48d1ea3d48c3bd8a9f",
                "shasum": ""
            },
            "require": {
                "php": ">=5.3.0"
            },
            "require-dev": {
                "mockery/mockery": "0.7.2",
                "patchwork/utf8": "1.1.*",
                "phpunit/phpunit": "3.7.*"
            },
            "type": "library",
            "extra": {
                "branch-alias": {
                    "dev-master": "4.0-dev"
                }
            },
            "autoload": {
                "psr-0": {
                    "Illuminate\\Support": ""
                },
                "files": [
                    "Illuminate/Support/helpers.php"
                ]
            },
            "notification-url": "https://packagist.org/downloads/",
            "license": [
                "MIT"
            ],
            "authors": [
                {
                    "name": "Taylor Otwell",
                    "email": "taylorotwell@gmail.com",
                    "homepage": "https://github.com/taylorotwell",
                    "role": "Developer"
                }
            ],
            "time": "2013-10-03 18:37:29"
        },
        {
            "name": "symfony/finder",
            "version": "2.3.x-dev",
            "target-dir": "Symfony/Component/Finder",
            "source": {
                "type": "git",
                "url": "https://github.com/symfony/Finder.git",
                "reference": "a175521f680b178e63c5d0ab87c6b046c0990c3f"
            },
            "dist": {
                "type": "zip",
                "url": "https://api.github.com/repos/symfony/Finder/zipball/a175521f680b178e63c5d0ab87c6b046c0990c3f",
                "reference": "a175521f680b178e63c5d0ab87c6b046c0990c3f",
                "shasum": ""
            },
            "require": {
                "php": ">=5.3.3"
            },
            "type": "library",
            "extra": {
                "branch-alias": {
                    "dev-master": "2.3-dev"
                }
            },
            "autoload": {
                "psr-0": {
                    "Symfony\\Component\\Finder\\": ""
                }
            },
            "notification-url": "https://packagist.org/downloads/",
            "license": [
                "MIT"
            ],
            "authors": [
                {
                    "name": "Fabien Potencier",
                    "email": "fabien@symfony.com"
                },
                {
                    "name": "Symfony Community",
                    "homepage": "http://symfony.com/contributors"
                }
            ],
            "description": "Symfony Finder Component",
            "homepage": "http://symfony.com",
            "time": "2013-09-19 09:45:20"
        },
        {
            "name": "symfony/http-foundation",
            "version": "2.3.x-dev",
            "target-dir": "Symfony/Component/HttpFoundation",
            "source": {
                "type": "git",
                "url": "https://github.com/symfony/HttpFoundation.git",
                "reference": "8f383fa5e4b66b66ba2d09e502e8bf73bdd04901"
            },
            "dist": {
                "type": "zip",
                "url": "https://api.github.com/repos/symfony/HttpFoundation/zipball/8f383fa5e4b66b66ba2d09e502e8bf73bdd04901",
                "reference": "8f383fa5e4b66b66ba2d09e502e8bf73bdd04901",
                "shasum": ""
            },
            "require": {
                "php": ">=5.3.3"
            },
            "type": "library",
            "extra": {
                "branch-alias": {
                    "dev-master": "2.3-dev"
                }
            },
            "autoload": {
                "psr-0": {
                    "Symfony\\Component\\HttpFoundation\\": ""
                },
                "classmap": [
                    "Symfony/Component/HttpFoundation/Resources/stubs"
                ]
            },
            "notification-url": "https://packagist.org/downloads/",
            "license": [
                "MIT"
            ],
            "authors": [
                {
                    "name": "Fabien Potencier",
                    "email": "fabien@symfony.com"
                },
                {
                    "name": "Symfony Community",
                    "homepage": "http://symfony.com/contributors"
                }
            ],
            "description": "Symfony HttpFoundation Component",
            "homepage": "http://symfony.com",
            "time": "2013-10-17 11:48:01"
        }
    ],
    "packages-dev": [
        {
            "name": "mockery/mockery",
            "version": "0.7.2",
            "source": {
                "type": "git",
                "url": "https://github.com/padraic/mockery.git",
                "reference": "10ef0f8a63392f244e5b19de261b6a08eb8e4109"
            },
            "dist": {
                "type": "zip",
                "url": "https://api.github.com/repos/padraic/mockery/zipball/10ef0f8a63392f244e5b19de261b6a08eb8e4109",
                "reference": "10ef0f8a63392f244e5b19de261b6a08eb8e4109",
                "shasum": ""
            },
            "require": {
                "php": ">=5.3.2"
            },
            "suggest": {
                "Hamcrest": "1.0.0"
            },
            "type": "library",
            "autoload": {
                "psr-0": {
                    "Mockery": "library/"
                }
            },
            "notification-url": "https://packagist.org/downloads/",
            "license": [
                "New BSD"
            ],
            "authors": [
                {
                    "name": "Pádraic Brady",
                    "email": "padraic.brady@gmail.com",
                    "homepage": "http://blog.astrumfutura.com"
                }
            ],
            "description": "Mockery is a simple yet flexible PHP mock object framework for use in unit testing with PHPUnit, PHPSpec or any other testing framework. Its core goal is to offer a test double framework with a succint API capable of clearly defining all possible object operations and interactions using a human readable Domain Specific Language (DSL). Designed as a drop in alternative to PHPUnit's phpunit-mock-objects library, Mockery is easy to integrate with PHPUnit and can operate alongside phpunit-mock-objects without the World ending.",
            "homepage": "http://github.com/padraic/mockery",
            "keywords": [
                "BDD",
                "TDD",
                "library",
                "mock",
                "mock objects",
                "mockery",
                "stub",
                "test",
                "test double",
                "testing"
            ],
            "time": "2012-01-24 20:22:39"
        }
    ],
    "aliases": [

    ],
    "minimum-stability": "dev",
    "stability-flags": [

    ],
    "platform": {
        "php": ">=5.3.0"
    },
    "platform-dev": [

    ]
}
